
Microsoft Visual Studio Solution File, Format Version 12.00
# Visual Studio Version 16
VisualStudioVersion = 16.0.31613.86
MinimumVisualStudioVersion = 10.0.40219.1
Project("{9A19103F-16F7-4668-BE54-9A1E7A4F7556}") = "TicketManagerTask", "TicketManagerTask\TicketManagerTask.csproj", "{644278AE-BCD9-43D6-91E4-FCBFCC6A3A2D}"
EndProject
Project("{FAE04EC0-301F-11D3-BF4B-00C04F79EFBC}") = "TicketManager", "TicketManager\TicketManager.csproj", "{B6E66B15-5D66-4474-9C7D-F32697B7A1DC}"
EndProject
Global
	GlobalSection(SolutionConfigurationPlatforms) = preSolution
		Debug|Any CPU = Debug|Any CPU
		Release|Any CPU = Release|Any CPU
	EndGlobalSection
	GlobalSection(ProjectConfigurationPlatforms) = postSolution
		{644278AE-BCD9-43D6-91E4-FCBFCC6A3A2D}.Debug|Any CPU.ActiveCfg = Debug|Any CPU
		{644278AE-BCD9-43D6-91E4-FCBFCC6A3A2D}.Debug|Any CPU.Build.0 = Debug|Any CPU
		{644278AE-BCD9-43D6-91E4-FCBFCC6A3A2D}.Release|Any CPU.ActiveCfg = Release|Any CPU
		{644278AE-BCD9-43D6-91E4-FCBFCC6A3A2D}.Release|Any CPU.Build.0 = Release|Any CPU
		{B6E66B15-5D66-4474-9C7D-F32697B7A1DC}.Debug|Any CPU.ActiveCfg = Debug|Any CPU
		{B6E66B15-5D66-4474-9C7D-F32697B7A1DC}.Debug|Any CPU.Build.0 = Debug|Any CPU
		{B6E66B15-5D66-4474-9C7D-F32697B7A1DC}.Release|Any CPU.ActiveCfg = Release|Any CPU
		{B6E66B15-5D66-4474-9C7D-F32697B7A1DC}.Release|Any CPU.Build.0 = Release|Any CPU
	EndGlobalSection
	GlobalSection(SolutionProperties) = preSolution
		HideSolutionNode = FALSE
	EndGlobalSection
	GlobalSection(ExtensibilityGlobals) = postSolution
		SolutionGuid = {C2FFBEF0-8AEC-44DB-A5C0-23BB1786ADF8}
	EndGlobalSection
EndGlobal
